{
  "pins" : [
    {
      "identity" : "sayall-mac-remote",
      "kind" : "remoteSourceControl",
      "location" : "https://github.com/GetSayAll/sayall-mac-remote.git",
      "state" : {
        "revision" : "7d1b3c2e1d88913bafaa3a401c939eb218a1f363"
      }
    },
    {
      "identity" : "sparkle",
      "kind" : "remoteSourceControl",
      "location" : "https://github.com/sparkle-project/Sparkle",
      "state" : {
        "revision" : "ac2def288cbff5cfc7df3ffef6abdf45b72bcb0a",
        "version" : "2.9.6"
      }
    }
  ],
  "version" : 3
}
